{
    "_readme": [
        "This file locks the dependencies of your project to a known state",
        "Read more about it at https://getcomposer.org/doc/01-basic-usage.md#installing-dependencies",
        "This file is @generated automatically"
    ],
    "content-hash": "8120eab1ba946355e240957fdf3837bb",
    "packages": [
        {
            "name": "brianpando/plantumlgen",
            "version": "1.0.0",
            "source": {
                "type": "git",
                "url": "https://github.com/brianpando/plantUmlGen.git",
                "reference": "bb9d70efa1031e82fde1e3c595eeb1d3e6051fc2"
            },
            "dist": {
                "type": "zip",
                "url": "https://api.github.com/repos/brianpando/plantUmlGen/zipball/bb9d70efa1031e82fde1e3c595eeb1d3e6051fc2",
                "reference": "bb9d70efa1031e82fde1e3c595eeb1d3e6051fc2",
                "shasum": ""
            },
            "type": "library",
            "extra": {
                "laravel": {
                    "providers": [
                        "Brianpando\\Plantumlgen\\PlantServiceProvider"
                    ]
                }
            },
            "autoload": {
                "psr-4": {
                    "Brianpando\\Plantumlgen\\": "src"
                }
            },
            "notification-url": "https://packagist.org/downloads/",
            "license": [
                "proprietary"
            ],
            "authors": [
                {
                    "name": "Brian Pando",
                    "email": "unasbrian@gmail.com"
                }
            ],
            "description": "package for code generate by plantUml Tool",
            "support": {
                "issues": "https://github.com/brianpando/plantUmlGen/issues",
                "source": "https://github.com/brianpando/plantUmlGen/tree/1.0.0"
            },
            "time": "2019-10-13T21:39:29+00:00"
        }
    ],
    "packages-dev": [],
    "aliases": [],
    "minimum-stability": "stable",
    "stability-flags": [],
    "prefer-stable": false,
    "prefer-lowest": false,
    "platform": [],
    "platform-dev": [],
    "plugin-api-version": "2.6.0"
}
